
Microsoft Visual Studio Solution File, Format Version 12.00
# Visual Studio Version 17
VisualStudioVersion = 17.3.32901.215
MinimumVisualStudioVersion = 10.0.40219.1
Project("{FAE04EC0-301F-11D3-BF4B-00C04F79EFBC}") = "16_10_2022_FutbolKarşılaşması", "16_10_2022_FutbolKarşılaşması\16_10_2022_FutbolKarşılaşması.csproj", "{3982C39D-8453-4EB2-B401-ECAC7B8E3E6C}"
EndProject
Global
	GlobalSection(SolutionConfigurationPlatforms) = preSolution
		Debug|Any CPU = Debug|Any CPU
		Release|Any CPU = Release|Any CPU
	EndGlobalSection
	GlobalSection(ProjectConfigurationPlatforms) = postSolution
		{3982C39D-8453-4EB2-B401-ECAC7B8E3E6C}.Debug|Any CPU.ActiveCfg = Debug|Any CPU
		{3982C39D-8453-4EB2-B401-ECAC7B8E3E6C}.Debug|Any CPU.Build.0 = Debug|Any CPU
		{3982C39D-8453-4EB2-B401-ECAC7B8E3E6C}.Release|Any CPU.ActiveCfg = Release|Any CPU
		{3982C39D-8453-4EB2-B401-ECAC7B8E3E6C}.Release|Any CPU.Build.0 = Release|Any CPU
	EndGlobalSection
	GlobalSection(SolutionProperties) = preSolution
		HideSolutionNode = FALSE
	EndGlobalSection
	GlobalSection(ExtensibilityGlobals) = postSolution
		SolutionGuid = {88E86097-0EF3-4BFA-9EE4-3FC3AD8034FC}
	EndGlobalSection
EndGlobal
