
Microsoft Visual Studio Solution File, Format Version 12.00
# Visual Studio Version 17
VisualStudioVersion = 17.3.32901.215
MinimumVisualStudioVersion = 10.0.40219.1
Project("{FAE04EC0-301F-11D3-BF4B-00C04F79EFBC}") = "15.09.2022_Project_Homework", "15.09.2022_Project_Homework\15.09.2022_Project_Homework.csproj", "{AD7637B6-F352-4508-AF98-0510E3BA97B1}"
EndProject
Global
	GlobalSection(SolutionConfigurationPlatforms) = preSolution
		Debug|Any CPU = Debug|Any CPU
		Release|Any CPU = Release|Any CPU
	EndGlobalSection
	GlobalSection(ProjectConfigurationPlatforms) = postSolution
		{AD7637B6-F352-4508-AF98-0510E3BA97B1}.Debug|Any CPU.ActiveCfg = Debug|Any CPU
		{AD7637B6-F352-4508-AF98-0510E3BA97B1}.Debug|Any CPU.Build.0 = Debug|Any CPU
		{AD7637B6-F352-4508-AF98-0510E3BA97B1}.Release|Any CPU.ActiveCfg = Release|Any CPU
		{AD7637B6-F352-4508-AF98-0510E3BA97B1}.Release|Any CPU.Build.0 = Release|Any CPU
	EndGlobalSection
	GlobalSection(SolutionProperties) = preSolution
		HideSolutionNode = FALSE
	EndGlobalSection
	GlobalSection(ExtensibilityGlobals) = postSolution
		SolutionGuid = {2EFD0D66-7083-4FBA-9E65-D523CF87D85C}
	EndGlobalSection
EndGlobal
