
Microsoft Visual Studio Solution File, Format Version 12.00
# Visual Studio Version 17
VisualStudioVersion = 17.3.32901.215
MinimumVisualStudioVersion = 10.0.40219.1
Project("{FAE04EC0-301F-11D3-BF4B-00C04F79EFBC}") = "09_10_2022_ÖğrenciUygulaması", "09_10_2022_ÖğrenciUygulaması\09_10_2022_ÖğrenciUygulaması.csproj", "{0BD03088-D777-462D-BD07-A2EE243104FF}"
EndProject
Global
	GlobalSection(SolutionConfigurationPlatforms) = preSolution
		Debug|Any CPU = Debug|Any CPU
		Release|Any CPU = Release|Any CPU
	EndGlobalSection
	GlobalSection(ProjectConfigurationPlatforms) = postSolution
		{0BD03088-D777-462D-BD07-A2EE243104FF}.Debug|Any CPU.ActiveCfg = Debug|Any CPU
		{0BD03088-D777-462D-BD07-A2EE243104FF}.Debug|Any CPU.Build.0 = Debug|Any CPU
		{0BD03088-D777-462D-BD07-A2EE243104FF}.Release|Any CPU.ActiveCfg = Release|Any CPU
		{0BD03088-D777-462D-BD07-A2EE243104FF}.Release|Any CPU.Build.0 = Release|Any CPU
	EndGlobalSection
	GlobalSection(SolutionProperties) = preSolution
		HideSolutionNode = FALSE
	EndGlobalSection
	GlobalSection(ExtensibilityGlobals) = postSolution
		SolutionGuid = {A3DA4ABB-2412-41FE-9902-587B08C6E0FA}
	EndGlobalSection
EndGlobal
